# THIS IS AN AUTOGENERATED FILE. DO NOT EDIT THIS FILE DIRECTLY.
# yarn lockfile v1


dequal@2.0.2:
  version "2.0.2"
  resolved "https://registry.yarnpkg.com/dequal/-/dequal-2.0.2.tgz#85ca22025e3a87e65ef75a7a437b35284a7e319d"
  integrity sha512-q9K8BlJVxK7hQYqa6XISGmBZbtQQWVXSrRrWreHC94rMt1QL/Impruc+7p2CYSYuVIUr+YCt6hjrs1kkdJRTug==

swr@^0.3.11:
  version "0.3.11"
  resolved "https://registry.yarnpkg.com/swr/-/swr-0.3.11.tgz#f7f50ed26c06afea4249482cec504768a2272664"
  integrity sha512-ya30LuRGK2R7eDlttnb7tU5EmJYJ+N6ytIOM2j0Hqs0qauJcDjVLDOGy7KmFeH5ivOwLHalFaIyYl2K+SGa7HQ==
  dependencies:
    dequal "2.0.2"
